
Microsoft Visual Studio Solution File, Format Version 12.00
# Visual Studio Version 17
VisualStudioVersion = 17.5.002.0
MinimumVisualStudioVersion = 10.0.40219.1
Project("{9A19103F-16F7-4668-BE54-9A1E7A4F7556}") = "Task2", "Task2.csproj", "{B1231277-3BB1-44B2-B131-8D225811C672}"
EndProject
Global
	GlobalSection(SolutionConfigurationPlatforms) = preSolution
		Debug|Any CPU = Debug|Any CPU
		Release|Any CPU = Release|Any CPU
	EndGlobalSection
	GlobalSection(ProjectConfigurationPlatforms) = postSolution
		{B1231277-3BB1-44B2-B131-8D225811C672}.Debug|Any CPU.ActiveCfg = Debug|Any CPU
		{B1231277-3BB1-44B2-B131-8D225811C672}.Debug|Any CPU.Build.0 = Debug|Any CPU
		{B1231277-3BB1-44B2-B131-8D225811C672}.Release|Any CPU.ActiveCfg = Release|Any CPU
		{B1231277-3BB1-44B2-B131-8D225811C672}.Release|Any CPU.Build.0 = Release|Any CPU
	EndGlobalSection
	GlobalSection(SolutionProperties) = preSolution
		HideSolutionNode = FALSE
	EndGlobalSection
	GlobalSection(ExtensibilityGlobals) = postSolution
		SolutionGuid = {C6AE4127-36C1-4BCC-819C-B423B36E7683}
	EndGlobalSection
EndGlobal
